
Microsoft Visual Studio Solution File, Format Version 12.00
# Visual Studio Version 17
VisualStudioVersion = 17.11.35312.102
MinimumVisualStudioVersion = 10.0.40219.1
Project("{FAE04EC0-301F-11D3-BF4B-00C04F79EFBC}") = "HotelFinal", "HotelFinal\HotelFinal.csproj", "{291D5BA6-17A3-493C-BB8C-00914971BF44}"
EndProject
Global
	GlobalSection(SolutionConfigurationPlatforms) = preSolution
		Debug|Any CPU = Debug|Any CPU
		Release|Any CPU = Release|Any CPU
	EndGlobalSection
	GlobalSection(ProjectConfigurationPlatforms) = postSolution
		{291D5BA6-17A3-493C-BB8C-00914971BF44}.Debug|Any CPU.ActiveCfg = Debug|Any CPU
		{291D5BA6-17A3-493C-BB8C-00914971BF44}.Debug|Any CPU.Build.0 = Debug|Any CPU
		{291D5BA6-17A3-493C-BB8C-00914971BF44}.Release|Any CPU.ActiveCfg = Release|Any CPU
		{291D5BA6-17A3-493C-BB8C-00914971BF44}.Release|Any CPU.Build.0 = Release|Any CPU
	EndGlobalSection
	GlobalSection(SolutionProperties) = preSolution
		HideSolutionNode = FALSE
	EndGlobalSection
	GlobalSection(ExtensibilityGlobals) = postSolution
		SolutionGuid = {85AA1B33-8C91-4377-B2D2-84117DDB1891}
	EndGlobalSection
EndGlobal
